// !$*UTF8*$!
{
	archiveVersion = 1;
	classes = {
	};
	objectVersion = 46;
	objects = {

/* Begin PBXBuildFile section */
		D70AFC2D1D0C292D00F480B4 /* TakeALookViewController.swift in Sources */ = {isa = PBXBuildFile; fileRef = D70AFC2C1D0C292D00F480B4 /* TakeALookViewController.swift */; };
		D70AFC331D0C2E2D00F480B4 /* img_mountain.png in Resources */ = {isa = PBXBuildFile; fileRef = D70AFC321D0C2E2D00F480B4 /* img_mountain.png */; };
		D76EF1551CF986EC004C86B3 /* AppDelegate.swift in Sources */ = {isa = PBXBuildFile; fileRef = D76EF1541CF986EC004C86B3 /* AppDelegate.swift */; };
		D76EF1571CF986EC004C86B3 /* ViewController.swift in Sources */ = {isa = PBXBuildFile; fileRef = D76EF1561CF986EC004C86B3 /* ViewController.swift */; };
		D76EF15A1CF986EC004C86B3 /* Main.storyboard in Resources */ = {isa = PBXBuildFile; fileRef = D76EF1581CF986EC004C86B3 /* Main.storyboard */; };
		D76EF15D1CF986EC004C86B3 /* TXTsharing.xcdatamodeld in Sources */ = {isa = PBXBuildFile; fileRef = D76EF15B1CF986EC004C86B3 /* TXTsharing.xcdatamodeld */; };
		D76EF15F1CF986EC004C86B3 /* Assets.xcassets in Resources */ = {isa = PBXBuildFile; fileRef = D76EF15E1CF986EC004C86B3 /* Assets.xcassets */; };
		D76EF1621CF986EC004C86B3 /* LaunchScreen.storyboard in Resources */ = {isa = PBXBuildFile; fileRef = D76EF1601CF986EC004C86B3 /* LaunchScreen.storyboard */; };
		D76EF16D1CF986EC004C86B3 /* TXTsharingTests.swift in Sources */ = {isa = PBXBuildFile; fileRef = D76EF16C1CF986EC004C86B3 /* TXTsharingTests.swift */; };
		D76EF1781CF986ED004C86B3 /* TXTsharingUITests.swift in Sources */ = {isa = PBXBuildFile; fileRef = D76EF1771CF986ED004C86B3 /* TXTsharingUITests.swift */; };
		D7F3C4AA1CF9A3B300FE28D0 /* HomeViewController.swift in Sources */ = {isa = PBXBuildFile; fileRef = D7F3C4A91CF9A3B300FE28D0 /* HomeViewController.swift */; };
		D7F3C4AD1CF9A79800FE28D0 /* SubjectViewController.swift in Sources */ = {isa = PBXBuildFile; fileRef = D7F3C4AB1CF9A79800FE28D0 /* SubjectViewController.swift */; };
		D7F3C4AE1CF9A79800FE28D0 /* SubjectViewController.xib in Resources */ = {isa = PBXBuildFile; fileRef = D7F3C4AC1CF9A79800FE28D0 /* SubjectViewController.xib */; };
		D7F3C4B11CF9A7C400FE28D0 /* SubjectCollectionViewCell.swift in Sources */ = {isa = PBXBuildFile; fileRef = D7F3C4AF1CF9A7C400FE28D0 /* SubjectCollectionViewCell.swift */; };
		D7F3C4B21CF9A7C400FE28D0 /* SubjectCollectionViewCell.xib in Resources */ = {isa = PBXBuildFile; fileRef = D7F3C4B01CF9A7C400FE28D0 /* SubjectCollectionViewCell.xib */; };
		D7F3C4B71CF9B87400FE28D0 /* Default-568h@2x.png in Resources */ = {isa = PBXBuildFile; fileRef = D7F3C4B41CF9B87400FE28D0 /* Default-568h@2x.png */; };
		D7F3C4B81CF9B87400FE28D0 /* Default-667h@2x.png in Resources */ = {isa = PBXBuildFile; fileRef = D7F3C4B51CF9B87400FE28D0 /* Default-667h@2x.png */; };
		D7F3C4B91CF9B87400FE28D0 /* Default-736h@3x.png in Resources */ = {isa = PBXBuildFile; fileRef = D7F3C4B61CF9B87400FE28D0 /* Default-736h@3x.png */; };
		D7F3C4BD1CF9D85B00FE28D0 /* Main_iPhone4S.storyboard in Resources */ = {isa = PBXBuildFile; fileRef = D7F3C4BC1CF9D85B00FE28D0 /* Main_iPhone4S.storyboard */; };
/* End PBXBuildFile section */

/* Begin PBXContainerItemProxy section */
		D76EF1691CF986EC004C86B3 /* PBXContainerItemProxy */ = {
			isa = PBXContainerItemProxy;
			containerPortal = D76EF1491CF986EC004C86B3 /* Project object */;
			proxyType = 1;
			remoteGlobalIDString = D76EF1501CF986EC004C86B3;
			remoteInfo = TXTsharing;
		};
		D76EF1741CF986ED004C86B3 /* PBXContainerItemProxy */ = {
			isa = PBXContainerItemProxy;
			containerPortal = D76EF1491CF986EC004C86B3 /* Project object */;
			proxyType = 1;
			remoteGlobalIDString = D76EF1501CF986EC004C86B3;
			remoteInfo = TXTsharing;
		};
/* End PBXContainerItemProxy section */

/* Begin PBXFileReference section */
		D70AFC2C1D0C292D00F480B4 /* TakeALookViewController.swift */ = {isa = PBXFileReference; fileEncoding = 4; lastKnownFileType = sourcecode.swift; path = TakeALookViewController.swift; sourceTree = "<group>"; };
		D70AFC321D0C2E2D00F480B4 /* img_mountain.png */ = {isa = PBXFileReference; lastKnownFileType = image.png; path = img_mountain.png; sourceTree = "<group>"; };
		D76EF1511CF986EC004C86B3 /* TXTsharing.app */ = {isa = PBXFileReference; explicitFileType = wrapper.application; includeInIndex = 0; path = TXTsharing.app; sourceTree = BUILT_PRODUCTS_DIR; };
		D76EF1541CF986EC004C86B3 /* AppDelegate.swift */ = {isa = PBXFileReference; lastKnownFileType = sourcecode.swift; path = AppDelegate.swift; sourceTree = "<group>"; };
		D76EF1561CF986EC004C86B3 /* ViewController.swift */ = {isa = PBXFileReference; lastKnownFileType = sourcecode.swift; path = ViewController.swift; sourceTree = "<group>"; };
		D76EF1591CF986EC004C86B3 /* Base */ = {isa = PBXFileReference; lastKnownFileType = file.storyboard; name = Base; path = Base.lproj/Main.storyboard; sourceTree = "<group>"; };
		D76EF15C1CF986EC004C86B3 /* TXTsharing.xcdatamodel */ = {isa = PBXFileReference; lastKnownFileType = wrapper.xcdatamodel; path = TXTsharing.xcdatamodel; sourceTree = "<group>"; };
		D76EF15E1CF986EC004C86B3 /* Assets.xcassets */ = {isa = PBXFileReference; lastKnownFileType = folder.assetcatalog; path = Assets.xcassets; sourceTree = "<group>"; };
		D76EF1611CF986EC004C86B3 /* Base */ = {isa = PBXFileReference; lastKnownFileType = file.storyboard; name = Base; path = Base.lproj/LaunchScreen.storyboard; sourceTree = "<group>"; };
		D76EF1631CF986EC004C86B3 /* Info.plist */ = {isa = PBXFileReference; lastKnownFileType = text.plist.xml; path = Info.plist; sourceTree = "<group>"; };
		D76EF1681CF986EC004C86B3 /* TXTsharingTests.xctest */ = {isa = PBXFileReference; explicitFileType = wrapper.cfbundle; includeInIndex = 0; path = TXTsharingTests.xctest; sourceTree = BUILT_PRODUCTS_DIR; };
		D76EF16C1CF986EC004C86B3 /* TXTsharingTests.swift */ = {isa = PBXFileReference; lastKnownFileType = sourcecode.swift; path = TXTsharingTests.swift; sourceTree = "<group>"; };
		D76EF16E1CF986EC004C86B3 /* Info.plist */ = {isa = PBXFileReference; lastKnownFileType = text.plist.xml; path = Info.plist; sourceTree = "<group>"; };
		D76EF1731CF986ED004C86B3 /* TXTsharingUITests.xctest */ = {isa = PBXFileReference; explicitFileType = wrapper.cfbundle; includeInIndex = 0; path = TXTsharingUITests.xctest; sourceTree = BUILT_PRODUCTS_DIR; };
		D76EF1771CF986ED004C86B3 /* TXTsharingUITests.swift */ = {isa = PBXFileReference; lastKnownFileType = sourcecode.swift; path = TXTsharingUITests.swift; sourceTree = "<group>"; };
		D76EF1791CF986ED004C86B3 /* Info.plist */ = {isa = PBXFileReference; lastKnownFileType = text.plist.xml; path = Info.plist; sourceTree = "<group>"; };
		D7F3C4A91CF9A3B300FE28D0 /* HomeViewController.swift */ = {isa = PBXFileReference; fileEncoding = 4; lastKnownFileType = sourcecode.swift; name = HomeViewController.swift; path = ../HomeViewController.swift; sourceTree = "<group>"; };
		D7F3C4AB1CF9A79800FE28D0 /* SubjectViewController.swift */ = {isa = PBXFileReference; fileEncoding = 4; lastKnownFileType = sourcecode.swift; path = SubjectViewController.swift; sourceTree = "<group>"; };
		D7F3C4AC1CF9A79800FE28D0 /* SubjectViewController.xib */ = {isa = PBXFileReference; fileEncoding = 4; lastKnownFileType = file.xib; path = SubjectViewController.xib; sourceTree = "<group>"; };
		D7F3C4AF1CF9A7C400FE28D0 /* SubjectCollectionViewCell.swift */ = {isa = PBXFileReference; fileEncoding = 4; lastKnownFileType = sourcecode.swift; path = SubjectCollectionViewCell.swift; sourceTree = "<group>"; };
		D7F3C4B01CF9A7C400FE28D0 /* SubjectCollectionViewCell.xib */ = {isa = PBXFileReference; fileEncoding = 4; lastKnownFileType = file.xib; path = SubjectCollectionViewCell.xib; sourceTree = "<group>"; };
		D7F3C4B41CF9B87400FE28D0 /* Default-568h@2x.png */ = {isa = PBXFileReference; lastKnownFileType = image.png; path = "Default-568h@2x.png"; sourceTree = "<group>"; };
		D7F3C4B51CF9B87400FE28D0 /* Default-667h@2x.png */ = {isa = PBXFileReference; lastKnownFileType = image.png; path = "Default-667h@2x.png"; sourceTree = "<group>"; };
		D7F3C4B61CF9B87400FE28D0 /* Default-736h@3x.png */ = {isa = PBXFileReference; lastKnownFileType = image.png; path = "Default-736h@3x.png"; sourceTree = "<group>"; };
		D7F3C4BC1CF9D85B00FE28D0 /* Main_iPhone4S.storyboard */ = {isa = PBXFileReference; fileEncoding = 4; lastKnownFileType = file.storyboard; path = Main_iPhone4S.storyboard; sourceTree = "<group>"; };
/* End PBXFileReference section */

/* Begin PBXFrameworksBuildPhase section */
		D76EF14E1CF986EC004C86B3 /* Frameworks */ = {
			isa = PBXFrameworksBuildPhase;
			buildActionMask = 2147483647;
			files = (
			);
			runOnlyForDeploymentPostprocessing = 0;
		};
		D76EF1651CF986EC004C86B3 /* Frameworks */ = {
			isa = PBXFrameworksBuildPhase;
			buildActionMask = 2147483647;
			files = (
			);
			runOnlyForDeploymentPostprocessing = 0;
		};
		D76EF1701CF986ED004C86B3 /* Frameworks */ = {
			isa = PBXFrameworksBuildPhase;
			buildActionMask = 2147483647;
			files = (
			);
			runOnlyForDeploymentPostprocessing = 0;
		};
/* End PBXFrameworksBuildPhase section */

/* Begin PBXGroup section */
		D76EF1481CF986EC004C86B3 = {
			isa = PBXGroup;
			children = (
				D76EF1531CF986EC004C86B3 /* TXTsharing */,
				D76EF16B1CF986EC004C86B3 /* TXTsharingTests */,
				D76EF1761CF986ED004C86B3 /* TXTsharingUITests */,
				D76EF1521CF986EC004C86B3 /* Products */,
				D7F3C4B31CF9B87400FE28D0 /* Defaults */,
			);
			sourceTree = "<group>";
		};
		D76EF1521CF986EC004C86B3 /* Products */ = {
			isa = PBXGroup;
			children = (
				D76EF1511CF986EC004C86B3 /* TXTsharing.app */,
				D76EF1681CF986EC004C86B3 /* TXTsharingTests.xctest */,
				D76EF1731CF986ED004C86B3 /* TXTsharingUITests.xctest */,
			);
			name = Products;
			sourceTree = "<group>";
		};
		D76EF1531CF986EC004C86B3 /* TXTsharing */ = {
			isa = PBXGroup;
			children = (
				D70AFC321D0C2E2D00F480B4 /* img_mountain.png */,
				D76EF1541CF986EC004C86B3 /* AppDelegate.swift */,
				D7F3C4A91CF9A3B300FE28D0 /* HomeViewController.swift */,
				D7F3C4AB1CF9A79800FE28D0 /* SubjectViewController.swift */,
				D7F3C4AF1CF9A7C400FE28D0 /* SubjectCollectionViewCell.swift */,
				D70AFC2C1D0C292D00F480B4 /* TakeALookViewController.swift */,
				D76EF1561CF986EC004C86B3 /* ViewController.swift */,
				D76EF1581CF986EC004C86B3 /* Main.storyboard */,
				D7F3C4AC1CF9A79800FE28D0 /* SubjectViewController.xib */,
				D7F3C4B01CF9A7C400FE28D0 /* SubjectCollectionViewCell.xib */,
				D76EF15E1CF986EC004C86B3 /* Assets.xcassets */,
				D76EF1601CF986EC004C86B3 /* LaunchScreen.storyboard */,
				D76EF1631CF986EC004C86B3 /* Info.plist */,
				D76EF15B1CF986EC004C86B3 /* TXTsharing.xcdatamodeld */,
				D7F3C4BC1CF9D85B00FE28D0 /* Main_iPhone4S.storyboard */,
			);
			path = TXTsharing;
			sourceTree = "<group>";
		};
		D76EF16B1CF986EC004C86B3 /* TXTsharingTests */ = {
			isa = PBXGroup;
			children = (
				D76EF16C1CF986EC004C86B3 /* TXTsharingTests.swift */,
				D76EF16E1CF986EC004C86B3 /* Info.plist */,
			);
			path = TXTsharingTests;
			sourceTree = "<group>";
		};
		D76EF1761CF986ED004C86B3 /* TXTsharingUITests */ = {
			isa = PBXGroup;
			children = (
				D76EF1771CF986ED004C86B3 /* TXTsharingUITests.swift */,
				D76EF1791CF986ED004C86B3 /* Info.plist */,
			);
			path = TXTsharingUITests;
			sourceTree = "<group>";
		};
		D7F3C4B31CF9B87400FE28D0 /* Defaults */ = {
			isa = PBXGroup;
			children = (
				D7F3C4B41CF9B87400FE28D0 /* Default-568h@2x.png */,
				D7F3C4B51CF9B87400FE28D0 /* Default-667h@2x.png */,
				D7F3C4B61CF9B87400FE28D0 /* Default-736h@3x.png */,
			);
			path = Defaults;
			sourceTree = "<group>";
		};
/* End PBXGroup section */

/* Begin PBXNativeTarget section */
		D76EF1501CF986EC004C86B3 /* TXTsharing */ = {
			isa = PBXNativeTarget;
			buildConfigurationList = D76EF17C1CF986ED004C86B3 /* Build configuration list for PBXNativeTarget "TXTsharing" */;
			buildPhases = (
				D76EF14D1CF986EC004C86B3 /* Sources */,
				D76EF14E1CF986EC004C86B3 /* Frameworks */,
				D76EF14F1CF986EC004C86B3 /* Resources */,
			);
			buildRules = (
			);
			dependencies = (
			);
			name = TXTsharing;
			productName = TXTsharing;
			productReference = D76EF1511CF986EC004C86B3 /* TXTsharing.app */;
			productType = "com.apple.product-type.application";
		};
		D76EF1671CF986EC004C86B3 /* TXTsharingTests */ = {
			isa = PBXNativeTarget;
			buildConfigurationList = D76EF17F1CF986ED004C86B3 /* Build configuration list for PBXNativeTarget "TXTsharingTests" */;
			buildPhases = (
				D76EF1641CF986EC004C86B3 /* Sources */,
				D76EF1651CF986EC004C86B3 /* Frameworks */,
				D76EF1661CF986EC004C86B3 /* Resources */,
			);
			buildRules = (
			);
			dependencies = (
				D76EF16A1CF986EC004C86B3 /* PBXTargetDependency */,
			);
			name = TXTsharingTests;
			productName = TXTsharingTests;
			productReference = D76EF1681CF986EC004C86B3 /* TXTsharingTests.xctest */;
			productType = "com.apple.product-type.bundle.unit-test";
		};
		D76EF1721CF986ED004C86B3 /* TXTsharingUITests */ = {
			isa = PBXNativeTarget;
			buildConfigurationList = D76EF1821CF986ED004C86B3 /* Build configuration list for PBXNativeTarget "TXTsharingUITests" */;
			buildPhases = (
				D76EF16F1CF986ED004C86B3 /* Sources */,
				D76EF1701CF986ED004C86B3 /* Frameworks */,
				D76EF1711CF986ED004C86B3 /* Resources */,
			);
			buildRules = (
			);
			dependencies = (
				D76EF1751CF986ED004C86B3 /* PBXTargetDependency */,
			);
			name = TXTsharingUITests;
			productName = TXTsharingUITests;
			productReference = D76EF1731CF986ED004C86B3 /* TXTsharingUITests.xctest */;
			productType = "com.apple.product-type.bundle.ui-testing";
		};
/* End PBXNativeTarget section */

/* Begin PBXProject section */
		D76EF1491CF986EC004C86B3 /* Project object */ = {
			isa = PBXProject;
			attributes = {
				LastSwiftUpdateCheck = 0720;
				LastUpgradeCheck = 0720;
				ORGANIZATIONNAME = "Kento Ohara";
				TargetAttributes = {
					D76EF1501CF986EC004C86B3 = {
						CreatedOnToolsVersion = 7.2.1;
						DevelopmentTeam = TZ2XV8PVGN;
					};
					D76EF1671CF986EC004C86B3 = {
						CreatedOnToolsVersion = 7.2.1;
						DevelopmentTeam = TZ2XV8PVGN;
						TestTargetID = D76EF1501CF986EC004C86B3;
					};
					D76EF1721CF986ED004C86B3 = {
						CreatedOnToolsVersion = 7.2.1;
						DevelopmentTeam = TZ2XV8PVGN;
						TestTargetID = D76EF1501CF986EC004C86B3;
					};
				};
			};
			buildConfigurationList = D76EF14C1CF986EC004C86B3 /* Build configuration list for PBXProject "TXTsharing" */;
			compatibilityVersion = "Xcode 3.2";
			developmentRegion = English;
			hasScannedForEncodings = 0;
			knownRegions = (
				en,
				Base,
			);
			mainGroup = D76EF1481CF986EC004C86B3;
			productRefGroup = D76EF1521CF986EC004C86B3 /* Products */;
			projectDirPath = "";
			projectRoot = "";
			targets = (
				D76EF1501CF986EC004C86B3 /* TXTsharing */,
				D76EF1671CF986EC004C86B3 /* TXTsharingTests */,
				D76EF1721CF986ED004C86B3 /* TXTsharingUITests */,
			);
		};
/* End PBXProject section */

/* Begin PBXResourcesBuildPhase section */
		D76EF14F1CF986EC004C86B3 /* Resources */ = {
			isa = PBXResourcesBuildPhase;
			buildActionMask = 2147483647;
			files = (
				D70AFC331D0C2E2D00F480B4 /* img_mountain.png in Resources */,
				D7F3C4BD1CF9D85B00FE28D0 /* Main_iPhone4S.storyboard in Resources */,
				D76EF1621CF986EC004C86B3 /* LaunchScreen.storyboard in Resources */,
				D7F3C4AE1CF9A79800FE28D0 /* SubjectViewController.xib in Resources */,
				D7F3C4B81CF9B87400FE28D0 /* Default-667h@2x.png in Resources */,
				D7F3C4B91CF9B87400FE28D0 /* Default-736h@3x.png in Resources */,
				D76EF15F1CF986EC004C86B3 /* Assets.xcassets in Resources */,
				D76EF15A1CF986EC004C86B3 /* Main.storyboard in Resources */,
				D7F3C4B21CF9A7C400FE28D0 /* SubjectCollectionViewCell.xib in Resources */,
				D7F3C4B71CF9B87400FE28D0 /* Default-568h@2x.png in Resources */,
			);
			runOnlyForDeploymentPostprocessing = 0;
		};
		D76EF1661CF986EC004C86B3 /* Resources */ = {
			isa = PBXResourcesBuildPhase;
			buildActionMask = 2147483647;
			files = (
			);
			runOnlyForDeploymentPostprocessing = 0;
		};
		D76EF1711CF986ED004C86B3 /* Resources */ = {
			isa = PBXResourcesBuildPhase;
			buildActionMask = 2147483647;
			files = (
			);
			runOnlyForDeploymentPostprocessing = 0;
		};
/* End PBXResourcesBuildPhase section */

/* Begin PBXSourcesBuildPhase section */
		D76EF14D1CF986EC004C86B3 /* Sources */ = {
			isa = PBXSourcesBuildPhase;
			buildActionMask = 2147483647;
			files = (
				D76EF15D1CF986EC004C86B3 /* TXTsharing.xcdatamodeld in Sources */,
				D76EF1571CF986EC004C86B3 /* ViewController.swift in Sources */,
				D7F3C4B11CF9A7C400FE28D0 /* SubjectCollectionViewCell.swift in Sources */,
				D7F3C4AD1CF9A79800FE28D0 /* SubjectViewController.swift in Sources */,
				D76EF1551CF986EC004C86B3 /* AppDelegate.swift in Sources */,
				D70AFC2D1D0C292D00F480B4 /* TakeALookViewController.swift in Sources */,
				D7F3C4AA1CF9A3B300FE28D0 /* HomeViewController.swift in Sources */,
			);
			runOnlyForDeploymentPostprocessing = 0;
		};
		D76EF1641CF986EC004C86B3 /* Sources */ = {
			isa = PBXSourcesBuildPhase;
			buildActionMask = 2147483647;
			files = (
				D76EF16D1CF986EC004C86B3 /* TXTsharingTests.swift in Sources */,
			);
			runOnlyForDeploymentPostprocessing = 0;
		};
		D76EF16F1CF986ED004C86B3 /* Sources */ = {
			isa = PBXSourcesBuildPhase;
			buildActionMask = 2147483647;
			files = (
				D76EF1781CF986ED004C86B3 /* TXTsharingUITests.swift in Sources */,
			);
			runOnlyForDeploymentPostprocessing = 0;
		};
/* End PBXSourcesBuildPhase section */

/* Begin PBXTargetDependency section */
		D76EF16A1CF986EC004C86B3 /* PBXTargetDependency */ = {
			isa = PBXTargetDependency;
			target = D76EF1501CF986EC004C86B3 /* TXTsharing */;
			targetProxy = D76EF1691CF986EC004C86B3 /* PBXContainerItemProxy */;
		};
		D76EF1751CF986ED004C86B3 /* PBXTargetDependency */ = {
			isa = PBXTargetDependency;
			target = D76EF1501CF986EC004C86B3 /* TXTsharing */;
			targetProxy = D76EF1741CF986ED004C86B3 /* PBXContainerItemProxy */;
		};
/* End PBXTargetDependency section */

/* Begin PBXVariantGroup section */
		D76EF1581CF986EC004C86B3 /* Main.storyboard */ = {
			isa = PBXVariantGroup;
			children = (
				D76EF1591CF986EC004C86B3 /* Base */,
			);
			name = Main.storyboard;
			sourceTree = "<group>";
		};
		D76EF1601CF986EC004C86B3 /* LaunchScreen.storyboard */ = {
			isa = PBXVariantGroup;
			children = (
				D76EF1611CF986EC004C86B3 /* Base */,
			);
			name = LaunchScreen.storyboard;
			sourceTree = "<group>";
		};
/* End PBXVariantGroup section */

/* Begin XCBuildConfiguration section */
		D76EF17A1CF986ED004C86B3 /* Debug */ = {
			isa = XCBuildConfiguration;
			buildSettings = {
				ALWAYS_SEARCH_USER_PATHS = NO;
				CLANG_CXX_LANGUAGE_STANDARD = "gnu++0x";
				CLANG_CXX_LIBRARY = "libc++";
				CLANG_ENABLE_MODULES = YES;
				CLANG_ENABLE_OBJC_ARC = YES;
				CLANG_WARN_BOOL_CONVERSION = YES;
				CLANG_WARN_CONSTANT_CONVERSION = YES;
				CLANG_WARN_DIRECT_OBJC_ISA_USAGE = YES_ERROR;
				CLANG_WARN_EMPTY_BODY = YES;
				CLANG_WARN_ENUM_CONVERSION = YES;
				CLANG_WARN_INT_CONVERSION = YES;
				CLANG_WARN_OBJC_ROOT_CLASS = YES_ERROR;
				CLANG_WARN_UNREACHABLE_CODE = YES;
				CLANG_WARN__DUPLICATE_METHOD_MATCH = YES;
				"CODE_SIGN_IDENTITY[sdk=iphoneos*]" = "iPhone Developer";
				COPY_PHASE_STRIP = NO;
				DEBUG_INFORMATION_FORMAT = dwarf;
				ENABLE_STRICT_OBJC_MSGSEND = YES;
				ENABLE_TESTABILITY = YES;
				GCC_C_LANGUAGE_STANDARD = gnu99;
				GCC_DYNAMIC_NO_PIC = NO;
				GCC_NO_COMMON_BLOCKS = YES;
				GCC_OPTIMIZATION_LEVEL = 0;
				GCC_PREPROCESSOR_DEFINITIONS = (
					"DEBUG=1",
					"$(inherited)",
				);
				GCC_WARN_64_TO_32_BIT_CONVERSION = YES;
				GCC_WARN_ABOUT_RETURN_TYPE = YES_ERROR;
				GCC_WARN_UNDECLARED_SELECTOR = YES;
				GCC_WARN_UNINITIALIZED_AUTOS = YES_AGGRESSIVE;
				GCC_WARN_UNUSED_FUNCTION = YES;
				GCC_WARN_UNUSED_VARIABLE = YES;
				IPHONEOS_DEPLOYMENT_TARGET = 9.2;
				MTL_ENABLE_DEBUG_INFO = YES;
				ONLY_ACTIVE_ARCH = YES;
				SDKROOT = iphoneos;
				SWIFT_OPTIMIZATION_LEVEL = "-Onone";
			};
			name = Debug;
		};
		D76EF17B1CF986ED004C86B3 /* Release */ = {
			isa = XCBuildConfiguration;
			buildSettings = {
				ALWAYS_SEARCH_USER_PATHS = NO;
				CLANG_CXX_LANGUAGE_STANDARD = "gnu++0x";
				CLANG_CXX_LIBRARY = "libc++";
				CLANG_ENABLE_MODULES = YES;
				CLANG_ENABLE_OBJC_ARC = YES;
				CLANG_WARN_BOOL_CONVERSION = YES;
				CLANG_WARN_CONSTANT_CONVERSION = YES;
				CLANG_WARN_DIRECT_OBJC_ISA_USAGE = YES_ERROR;
				CLANG_WARN_EMPTY_BODY = YES;
				CLANG_WARN_ENUM_CONVERSION = YES;
				CLANG_WARN_INT_CONVERSION = YES;
				CLANG_WARN_OBJC_ROOT_CLASS = YES_ERROR;
				CLANG_WARN_UNREACHABLE_CODE = YES;
				CLANG_WARN__DUPLICATE_METHOD_MATCH = YES;
				"CODE_SIGN_IDENTITY[sdk=iphoneos*]" = "iPhone Developer";
				COPY_PHASE_STRIP = NO;
				DEBUG_INFORMATION_FORMAT = "dwarf-with-dsym";
				ENABLE_NS_ASSERTIONS = NO;
				ENABLE_STRICT_OBJC_MSGSEND = YES;
				GCC_C_LANGUAGE_STANDARD = gnu99;
				GCC_NO_COMMON_BLOCKS = YES;
				GCC_WARN_64_TO_32_BIT_CONVERSION = YES;
				GCC_WARN_ABOUT_RETURN_TYPE = YES_ERROR;
				GCC_WARN_UNDECLARED_SELECTOR = YES;
				GCC_WARN_UNINITIALIZED_AUTOS = YES_AGGRESSIVE;
				GCC_WARN_UNUSED_FUNCTION = YES;
				GCC_WARN_UNUSED_VARIABLE = YES;
				IPHONEOS_DEPLOYMENT_TARGET = 9.2;
				MTL_ENABLE_DEBUG_INFO = NO;
				SDKROOT = iphoneos;
				VALIDATE_PRODUCT = YES;
			};
			name = Release;
		};
		D76EF17D1CF986ED004C86B3 /* Debug */ = {
			isa = XCBuildConfiguration;
			buildSettings = {
				ASSETCATALOG_COMPILER_APPICON_NAME = AppIcon;
				INFOPLIST_FILE = TXTsharing/Info.plist;
				LD_RUNPATH_SEARCH_PATHS = "$(inherited) @executable_path/Frameworks";
				PRODUCT_BUNDLE_IDENTIFIER = com.litech.TXTsharing;
				PRODUCT_NAME = "$(TARGET_NAME)";
				TARGETED_DEVICE_FAMILY = 1;
			};
			name = Debug;
		};
		D76EF17E1CF986ED004C86B3 /* Release */ = {
			isa = XCBuildConfiguration;
			buildSettings = {
				ASSETCATALOG_COMPILER_APPICON_NAME = AppIcon;
				INFOPLIST_FILE = TXTsharing/Info.plist;
				LD_RUNPATH_SEARCH_PATHS = "$(inherited) @executable_path/Frameworks";
				PRODUCT_BUNDLE_IDENTIFIER = com.litech.TXTsharing;
				PRODUCT_NAME = "$(TARGET_NAME)";
				TARGETED_DEVICE_FAMILY = 1;
			};
			name = Release;
		};
		D76EF1801CF986ED004C86B3 /* Debug */ = {
			isa = XCBuildConfiguration;
			buildSettings = {
				BUNDLE_LOADER = "$(TEST_HOST)";
				INFOPLIST_FILE = TXTsharingTests/Info.plist;
				LD_RUNPATH_SEARCH_PATHS = "$(inherited) @executable_path/Frameworks @loader_path/Frameworks";
				PRODUCT_BUNDLE_IDENTIFIER = com.litech.TXTsharingTests;
				PRODUCT_NAME = "$(TARGET_NAME)";
				TEST_HOST = "$(BUILT_PRODUCTS_DIR)/TXTsharing.app/TXTsharing";
			};
			name = Debug;
		};
		D76EF1811CF986ED004C86B3 /* Release */ = {
			isa = XCBuildConfiguration;
			buildSettings = {
				BUNDLE_LOADER = "$(TEST_HOST)";
				INFOPLIST_FILE = TXTsharingTests/Info.plist;
				LD_RUNPATH_SEARCH_PATHS = "$(inherited) @executable_path/Frameworks @loader_path/Frameworks";
				PRODUCT_BUNDLE_IDENTIFIER = com.litech.TXTsharingTests;
				PRODUCT_NAME = "$(TARGET_NAME)";
				TEST_HOST = "$(BUILT_PRODUCTS_DIR)/TXTsharing.app/TXTsharing";
			};
			name = Release;
		};
		D76EF1831CF986ED004C86B3 /* Debug */ = {
			isa = XCBuildConfiguration;
			buildSettings = {
				INFOPLIST_FILE = TXTsharingUITests/Info.plist;
				LD_RUNPATH_SEARCH_PATHS = "$(inherited) @executable_path/Frameworks @loader_path/Frameworks";
				PRODUCT_BUNDLE_IDENTIFIER = com.litech.TXTsharingUITests;
				PRODUCT_NAME = "$(TARGET_NAME)";
				TEST_TARGET_NAME = TXTsharing;
				USES_XCTRUNNER = YES;
			};
			name = Debug;
		};
		D76EF1841CF986ED004C86B3 /* Release */ = {
			isa = XCBuildConfiguration;
			buildSettings = {
				INFOPLIST_FILE = TXTsharingUITests/Info.plist;
				LD_RUNPATH_SEARCH_PATHS = "$(inherited) @executable_path/Frameworks @loader_path/Frameworks";
				PRODUCT_BUNDLE_IDENTIFIER = com.litech.TXTsharingUITests;
				PRODUCT_NAME = "$(TARGET_NAME)";
				TEST_TARGET_NAME = TXTsharing;
				USES_XCTRUNNER = YES;
			};
			name = Release;
		};
/* End XCBuildConfiguration section */

/* Begin XCConfigurationList section */
		D76EF14C1CF986EC004C86B3 /* Build configuration list for PBXProject "TXTsharing" */ = {
			isa = XCConfigurationList;
			buildConfigurations = (
				D76EF17A1CF986ED004C86B3 /* Debug */,
				D76EF17B1CF986ED004C86B3 /* Release */,
			);
			defaultConfigurationIsVisible = 0;
			defaultConfigurationName = Release;
		};
		D76EF17C1CF986ED004C86B3 /* Build configuration list for PBXNativeTarget "TXTsharing" */ = {
			isa = XCConfigurationList;
			buildConfigurations = (
				D76EF17D1CF986ED004C86B3 /* Debug */,
				D76EF17E1CF986ED004C86B3 /* Release */,
			);
			defaultConfigurationIsVisible = 0;
			defaultConfigurationName = Release;
		};
		D76EF17F1CF986ED004C86B3 /* Build configuration list for PBXNativeTarget "TXTsharingTests" */ = {
			isa = XCConfigurationList;
			buildConfigurations = (
				D76EF1801CF986ED004C86B3 /* Debug */,
				D76EF1811CF986ED004C86B3 /* Release */,
			);
			defaultConfigurationIsVisible = 0;
			defaultConfigurationName = Release;
		};
		D76EF1821CF986ED004C86B3 /* Build configuration list for PBXNativeTarget "TXTsharingUITests" */ = {
			isa = XCConfigurationList;
			buildConfigurations = (
				D76EF1831CF986ED004C86B3 /* Debug */,
				D76EF1841CF986ED004C86B3 /* Release */,
			);
			defaultConfigurationIsVisible = 0;
			defaultConfigurationName = Release;
		};
/* End XCConfigurationList section */

/* Begin XCVersionGroup section */
		D76EF15B1CF986EC004C86B3 /* TXTsharing.xcdatamodeld */ = {
			isa = XCVersionGroup;
			children = (
				D76EF15C1CF986EC004C86B3 /* TXTsharing.xcdatamodel */,
			);
			currentVersion = D76EF15C1CF986EC004C86B3 /* TXTsharing.xcdatamodel */;
			path = TXTsharing.xcdatamodeld;
			sourceTree = "<group>";
			versionGroupType = wrapper.xcdatamodel;
		};
/* End XCVersionGroup section */
	};
	rootObject = D76EF1491CF986EC004C86B3 /* Project object */;
}
